// !$*UTF8*$!
{
	archiveVersion = 1;
	classes = {
	};
	objectVersion = 51;
	objects = {

/* Begin PBXBuildFile section */
		3AF8DB0C62103EA67DD4E8BC /* Pods_AlohaIOS.framework in Frameworks */ = {isa = PBXBuildFile; fileRef = F4B69D8B198CDCA75980FB00 /* Pods_AlohaIOS.framework */; };
		420723032396AD83008EF340 /* User.swift in Sources */ = {isa = PBXBuildFile; fileRef = 420723022396AD83008EF340 /* User.swift */; };
		420723052396AF92008EF340 /* FormValidation.swift in Sources */ = {isa = PBXBuildFile; fileRef = 420723042396AF92008EF340 /* FormValidation.swift */; };
		420723072396B08E008EF340 /* Alert.swift in Sources */ = {isa = PBXBuildFile; fileRef = 420723062396B08E008EF340 /* Alert.swift */; };
		421EAD182395C7A500E2690E /* ConfirmConfiguration.swift in Sources */ = {isa = PBXBuildFile; fileRef = 421EAD172395C7A500E2690E /* ConfirmConfiguration.swift */; };
		425A2F3A238862CD009828A4 /* AppDelegate.swift in Sources */ = {isa = PBXBuildFile; fileRef = 425A2F39238862CD009828A4 /* AppDelegate.swift */; };
		425A2F3C238862CD009828A4 /* SceneDelegate.swift in Sources */ = {isa = PBXBuildFile; fileRef = 425A2F3B238862CD009828A4 /* SceneDelegate.swift */; };
		425A2F46238862CF009828A4 /* LaunchScreen.storyboard in Resources */ = {isa = PBXBuildFile; fileRef = 425A2F44238862CF009828A4 /* LaunchScreen.storyboard */; };
		42680C1123978E52008D0F7B /* Main.storyboard in Resources */ = {isa = PBXBuildFile; fileRef = 42680C1023978E52008D0F7B /* Main.storyboard */; };
		42B212F4238C171600BC7000 /* BaseViewController.swift in Sources */ = {isa = PBXBuildFile; fileRef = 42B212F3238C171600BC7000 /* BaseViewController.swift */; };
		42B212F6238C1B1100BC7000 /* ButtonClass.swift in Sources */ = {isa = PBXBuildFile; fileRef = 42B212F5238C1B1100BC7000 /* ButtonClass.swift */; };
		42B212FF238C428200BC7000 /* Diavlo_BLACK_II.otf in Resources */ = {isa = PBXBuildFile; fileRef = 42B212FA238C428100BC7000 /* Diavlo_BLACK_II.otf */; };
		42B21300238C428200BC7000 /* Diavlo_BOLD_II.otf in Resources */ = {isa = PBXBuildFile; fileRef = 42B212FB238C428100BC7000 /* Diavlo_BOLD_II.otf */; };
		42B21301238C428200BC7000 /* Diavlo_BOOK_II.otf in Resources */ = {isa = PBXBuildFile; fileRef = 42B212FC238C428100BC7000 /* Diavlo_BOOK_II.otf */; };
		42B21302238C428200BC7000 /* Diavlo_LIGHT_II.otf in Resources */ = {isa = PBXBuildFile; fileRef = 42B212FD238C428100BC7000 /* Diavlo_LIGHT_II.otf */; };
		42B21303238C428200BC7000 /* Diavlo_MEDIUM_II.otf in Resources */ = {isa = PBXBuildFile; fileRef = 42B212FE238C428200BC7000 /* Diavlo_MEDIUM_II.otf */; };
		42B21307238C463F00BC7000 /* TextFieldClass.swift in Sources */ = {isa = PBXBuildFile; fileRef = 42B21306238C463F00BC7000 /* TextFieldClass.swift */; };
		42B21309238D430A00BC7000 /* TitleClass.swift in Sources */ = {isa = PBXBuildFile; fileRef = 42B21308238D430A00BC7000 /* TitleClass.swift */; };
		42B5DBA3239527B600196B89 /* Assets.xcassets in Resources */ = {isa = PBXBuildFile; fileRef = 42B5DBA2239527B600196B89 /* Assets.xcassets */; };
		42BE10E72395870100FD2D21 /* ConfirmPresenter.swift in Sources */ = {isa = PBXBuildFile; fileRef = 42BE10DF2395870100FD2D21 /* ConfirmPresenter.swift */; };
		42BE10E82395870100FD2D21 /* ConfirmRouter.swift in Sources */ = {isa = PBXBuildFile; fileRef = 42BE10E02395870100FD2D21 /* ConfirmRouter.swift */; };
		42BE10E92395870100FD2D21 /* ConfirmViewController.swift in Sources */ = {isa = PBXBuildFile; fileRef = 42BE10E12395870100FD2D21 /* ConfirmViewController.swift */; };
		42BE10EA2395870100FD2D21 /* ConfirmInteractor.swift in Sources */ = {isa = PBXBuildFile; fileRef = 42BE10E22395870100FD2D21 /* ConfirmInteractor.swift */; };
		42BE10EB2395870100FD2D21 /* ConfirmModel.swift in Sources */ = {isa = PBXBuildFile; fileRef = 42BE10E32395870100FD2D21 /* ConfirmModel.swift */; };
		42BE10EC2395870100FD2D21 /* ConfirmViewController.xib in Resources */ = {isa = PBXBuildFile; fileRef = 42BE10E42395870100FD2D21 /* ConfirmViewController.xib */; };
		42BE10ED2395870100FD2D21 /* ConfirmManager.swift in Sources */ = {isa = PBXBuildFile; fileRef = 42BE10E52395870100FD2D21 /* ConfirmManager.swift */; };
		42BE10F62395871200FD2D21 /* PhotoConfiguration.swift in Sources */ = {isa = PBXBuildFile; fileRef = 42BE10EE2395871200FD2D21 /* PhotoConfiguration.swift */; };
		42BE10F72395871200FD2D21 /* PhotoPresenter.swift in Sources */ = {isa = PBXBuildFile; fileRef = 42BE10EF2395871200FD2D21 /* PhotoPresenter.swift */; };
		42BE10F82395871200FD2D21 /* PhotoRouter.swift in Sources */ = {isa = PBXBuildFile; fileRef = 42BE10F02395871200FD2D21 /* PhotoRouter.swift */; };
		42BE10F92395871200FD2D21 /* PhotoViewController.swift in Sources */ = {isa = PBXBuildFile; fileRef = 42BE10F12395871200FD2D21 /* PhotoViewController.swift */; };
		42BE10FA2395871200FD2D21 /* PhotoInteractor.swift in Sources */ = {isa = PBXBuildFile; fileRef = 42BE10F22395871200FD2D21 /* PhotoInteractor.swift */; };
		42BE10FB2395871200FD2D21 /* PhotoModel.swift in Sources */ = {isa = PBXBuildFile; fileRef = 42BE10F32395871200FD2D21 /* PhotoModel.swift */; };
		42BE10FC2395871200FD2D21 /* PhotoViewController.xib in Resources */ = {isa = PBXBuildFile; fileRef = 42BE10F42395871200FD2D21 /* PhotoViewController.xib */; };
		42BE10FD2395871200FD2D21 /* PhotoManager.swift in Sources */ = {isa = PBXBuildFile; fileRef = 42BE10F52395871200FD2D21 /* PhotoManager.swift */; };
		42BE11062395872800FD2D21 /* DataConfiguration.swift in Sources */ = {isa = PBXBuildFile; fileRef = 42BE10FE2395872800FD2D21 /* DataConfiguration.swift */; };
		42BE11072395872800FD2D21 /* DataPresenter.swift in Sources */ = {isa = PBXBuildFile; fileRef = 42BE10FF2395872800FD2D21 /* DataPresenter.swift */; };
		42BE11082395872800FD2D21 /* DataRouter.swift in Sources */ = {isa = PBXBuildFile; fileRef = 42BE11002395872800FD2D21 /* DataRouter.swift */; };
		42BE11092395872800FD2D21 /* DataViewController.swift in Sources */ = {isa = PBXBuildFile; fileRef = 42BE11012395872800FD2D21 /* DataViewController.swift */; };
		42BE110A2395872800FD2D21 /* DataInteractor.swift in Sources */ = {isa = PBXBuildFile; fileRef = 42BE11022395872800FD2D21 /* DataInteractor.swift */; };
		42BE110B2395872800FD2D21 /* DataModel.swift in Sources */ = {isa = PBXBuildFile; fileRef = 42BE11032395872800FD2D21 /* DataModel.swift */; };
		42BE110C2395872800FD2D21 /* DataViewController.xib in Resources */ = {isa = PBXBuildFile; fileRef = 42BE11042395872800FD2D21 /* DataViewController.xib */; };
		42BE11162395873A00FD2D21 /* EmailConfiguration.swift in Sources */ = {isa = PBXBuildFile; fileRef = 42BE110E2395873A00FD2D21 /* EmailConfiguration.swift */; };
		42BE11172395873A00FD2D21 /* EmailPresenter.swift in Sources */ = {isa = PBXBuildFile; fileRef = 42BE110F2395873A00FD2D21 /* EmailPresenter.swift */; };
		42BE11182395873A00FD2D21 /* EmailRouter.swift in Sources */ = {isa = PBXBuildFile; fileRef = 42BE11102395873A00FD2D21 /* EmailRouter.swift */; };
		42BE11192395873A00FD2D21 /* EmailViewController.swift in Sources */ = {isa = PBXBuildFile; fileRef = 42BE11112395873A00FD2D21 /* EmailViewController.swift */; };
		42BE111A2395873A00FD2D21 /* EmailInteractor.swift in Sources */ = {isa = PBXBuildFile; fileRef = 42BE11122395873A00FD2D21 /* EmailInteractor.swift */; };
		42BE111B2395873A00FD2D21 /* EmailModel.swift in Sources */ = {isa = PBXBuildFile; fileRef = 42BE11132395873A00FD2D21 /* EmailModel.swift */; };
		42BE111C2395873A00FD2D21 /* EmailViewController.xib in Resources */ = {isa = PBXBuildFile; fileRef = 42BE11142395873A00FD2D21 /* EmailViewController.xib */; };
		42BE11262395875200FD2D21 /* WhoConfiguration.swift in Sources */ = {isa = PBXBuildFile; fileRef = 42BE111E2395875200FD2D21 /* WhoConfiguration.swift */; };
		42BE11272395875200FD2D21 /* WhoPresenter.swift in Sources */ = {isa = PBXBuildFile; fileRef = 42BE111F2395875200FD2D21 /* WhoPresenter.swift */; };
		42BE11282395875200FD2D21 /* WhoRouter.swift in Sources */ = {isa = PBXBuildFile; fileRef = 42BE11202395875200FD2D21 /* WhoRouter.swift */; };
		42BE11292395875200FD2D21 /* WhoViewController.swift in Sources */ = {isa = PBXBuildFile; fileRef = 42BE11212395875200FD2D21 /* WhoViewController.swift */; };
		42BE112A2395875200FD2D21 /* WhoInteractor.swift in Sources */ = {isa = PBXBuildFile; fileRef = 42BE11222395875200FD2D21 /* WhoInteractor.swift */; };
		42BE112B2395875200FD2D21 /* WhoModel.swift in Sources */ = {isa = PBXBuildFile; fileRef = 42BE11232395875200FD2D21 /* WhoModel.swift */; };
		42BE112C2395875200FD2D21 /* WhoViewController.xib in Resources */ = {isa = PBXBuildFile; fileRef = 42BE11242395875200FD2D21 /* WhoViewController.xib */; };
		42BE11362395876000FD2D21 /* ObjectiveConfiguration.swift in Sources */ = {isa = PBXBuildFile; fileRef = 42BE112E2395876000FD2D21 /* ObjectiveConfiguration.swift */; };
		42BE11372395876000FD2D21 /* ObjectivePresenter.swift in Sources */ = {isa = PBXBuildFile; fileRef = 42BE112F2395876000FD2D21 /* ObjectivePresenter.swift */; };
		42BE11382395876000FD2D21 /* ObjectiveRouter.swift in Sources */ = {isa = PBXBuildFile; fileRef = 42BE11302395876000FD2D21 /* ObjectiveRouter.swift */; };
		42BE11392395876000FD2D21 /* ObjectiveViewController.swift in Sources */ = {isa = PBXBuildFile; fileRef = 42BE11312395876000FD2D21 /* ObjectiveViewController.swift */; };
		42BE113A2395876000FD2D21 /* ObjectiveInteractor.swift in Sources */ = {isa = PBXBuildFile; fileRef = 42BE11322395876000FD2D21 /* ObjectiveInteractor.swift */; };
		42BE113B2395876000FD2D21 /* ObjectiveModel.swift in Sources */ = {isa = PBXBuildFile; fileRef = 42BE11332395876000FD2D21 /* ObjectiveModel.swift */; };
		42BE113C2395876000FD2D21 /* ObjectiveViewController.xib in Resources */ = {isa = PBXBuildFile; fileRef = 42BE11342395876000FD2D21 /* ObjectiveViewController.xib */; };
		42BE11462395876F00FD2D21 /* WelcomeConfiguration.swift in Sources */ = {isa = PBXBuildFile; fileRef = 42BE113E2395876F00FD2D21 /* WelcomeConfiguration.swift */; };
		42BE11472395876F00FD2D21 /* WelcomePresenter.swift in Sources */ = {isa = PBXBuildFile; fileRef = 42BE113F2395876F00FD2D21 /* WelcomePresenter.swift */; };
		42BE11482395876F00FD2D21 /* WelcomeRouter.swift in Sources */ = {isa = PBXBuildFile; fileRef = 42BE11402395876F00FD2D21 /* WelcomeRouter.swift */; };
		42BE11492395876F00FD2D21 /* WelcomeViewController.swift in Sources */ = {isa = PBXBuildFile; fileRef = 42BE11412395876F00FD2D21 /* WelcomeViewController.swift */; };
		42BE114A2395876F00FD2D21 /* WelcomeInteractor.swift in Sources */ = {isa = PBXBuildFile; fileRef = 42BE11422395876F00FD2D21 /* WelcomeInteractor.swift */; };
		42BE114B2395876F00FD2D21 /* WelcomeModel.swift in Sources */ = {isa = PBXBuildFile; fileRef = 42BE11432395876F00FD2D21 /* WelcomeModel.swift */; };
		42BE114C2395876F00FD2D21 /* WelcomeViewController.xib in Resources */ = {isa = PBXBuildFile; fileRef = 42BE11442395876F00FD2D21 /* WelcomeViewController.xib */; };
		42EA171823959D0800547993 /* AppRoute.swift in Sources */ = {isa = PBXBuildFile; fileRef = 42EA171723959D0800547993 /* AppRoute.swift */; };
		42EA171A23959DC300547993 /* GeneralRoute.swift in Sources */ = {isa = PBXBuildFile; fileRef = 42EA171923959DC300547993 /* GeneralRoute.swift */; };
/* End PBXBuildFile section */

/* Begin PBXFileReference section */
		29D43CB3464AC6A45D8C1EA4 /* Pods-AlohaIOS.debug.xcconfig */ = {isa = PBXFileReference; includeInIndex = 1; lastKnownFileType = text.xcconfig; name = "Pods-AlohaIOS.debug.xcconfig"; path = "Target Support Files/Pods-AlohaIOS/Pods-AlohaIOS.debug.xcconfig"; sourceTree = "<group>"; };
		420723022396AD83008EF340 /* User.swift */ = {isa = PBXFileReference; lastKnownFileType = sourcecode.swift; path = User.swift; sourceTree = "<group>"; };
		420723042396AF92008EF340 /* FormValidation.swift */ = {isa = PBXFileReference; lastKnownFileType = sourcecode.swift; path = FormValidation.swift; sourceTree = "<group>"; };
		420723062396B08E008EF340 /* Alert.swift */ = {isa = PBXFileReference; lastKnownFileType = sourcecode.swift; path = Alert.swift; sourceTree = "<group>"; };
		421EAD172395C7A500E2690E /* ConfirmConfiguration.swift */ = {isa = PBXFileReference; fileEncoding = 4; lastKnownFileType = sourcecode.swift; path = ConfirmConfiguration.swift; sourceTree = "<group>"; };
		425A2F36238862CD009828A4 /* AlohaIOS.app */ = {isa = PBXFileReference; explicitFileType = wrapper.application; includeInIndex = 0; path = AlohaIOS.app; sourceTree = BUILT_PRODUCTS_DIR; };
		425A2F39238862CD009828A4 /* AppDelegate.swift */ = {isa = PBXFileReference; lastKnownFileType = sourcecode.swift; path = AppDelegate.swift; sourceTree = "<group>"; };
		425A2F3B238862CD009828A4 /* SceneDelegate.swift */ = {isa = PBXFileReference; lastKnownFileType = sourcecode.swift; path = SceneDelegate.swift; sourceTree = "<group>"; };
		425A2F45238862CF009828A4 /* Base */ = {isa = PBXFileReference; lastKnownFileType = file.storyboard; name = Base; path = Base.lproj/LaunchScreen.storyboard; sourceTree = "<group>"; };
		425A2F47238862CF009828A4 /* Info.plist */ = {isa = PBXFileReference; lastKnownFileType = text.plist.xml; path = Info.plist; sourceTree = "<group>"; };
		42680C1023978E52008D0F7B /* Main.storyboard */ = {isa = PBXFileReference; lastKnownFileType = file.storyboard; path = Main.storyboard; sourceTree = "<group>"; };
		42B212F3238C171600BC7000 /* BaseViewController.swift */ = {isa = PBXFileReference; lastKnownFileType = sourcecode.swift; path = BaseViewController.swift; sourceTree = "<group>"; };
		42B212F5238C1B1100BC7000 /* ButtonClass.swift */ = {isa = PBXFileReference; lastKnownFileType = sourcecode.swift; path = ButtonClass.swift; sourceTree = "<group>"; };
		42B212FA238C428100BC7000 /* Diavlo_BLACK_II.otf */ = {isa = PBXFileReference; lastKnownFileType = file; path = Diavlo_BLACK_II.otf; sourceTree = "<group>"; };
		42B212FB238C428100BC7000 /* Diavlo_BOLD_II.otf */ = {isa = PBXFileReference; lastKnownFileType = file; path = Diavlo_BOLD_II.otf; sourceTree = "<group>"; };
		42B212FC238C428100BC7000 /* Diavlo_BOOK_II.otf */ = {isa = PBXFileReference; lastKnownFileType = file; path = Diavlo_BOOK_II.otf; sourceTree = "<group>"; };
		42B212FD238C428100BC7000 /* Diavlo_LIGHT_II.otf */ = {isa = PBXFileReference; lastKnownFileType = file; path = Diavlo_LIGHT_II.otf; sourceTree = "<group>"; };
		42B212FE238C428200BC7000 /* Diavlo_MEDIUM_II.otf */ = {isa = PBXFileReference; lastKnownFileType = file; path = Diavlo_MEDIUM_II.otf; sourceTree = "<group>"; };
		42B21306238C463F00BC7000 /* TextFieldClass.swift */ = {isa = PBXFileReference; lastKnownFileType = sourcecode.swift; path = TextFieldClass.swift; sourceTree = "<group>"; };
		42B21308238D430A00BC7000 /* TitleClass.swift */ = {isa = PBXFileReference; lastKnownFileType = sourcecode.swift; path = TitleClass.swift; sourceTree = "<group>"; };
		42B5DBA2239527B600196B89 /* Assets.xcassets */ = {isa = PBXFileReference; lastKnownFileType = folder.assetcatalog; path = Assets.xcassets; sourceTree = "<group>"; };
		42BE10DF2395870100FD2D21 /* ConfirmPresenter.swift */ = {isa = PBXFileReference; lastKnownFileType = sourcecode.swift; path = ConfirmPresenter.swift; sourceTree = "<group>"; };
		42BE10E02395870100FD2D21 /* ConfirmRouter.swift */ = {isa = PBXFileReference; lastKnownFileType = sourcecode.swift; path = ConfirmRouter.swift; sourceTree = "<group>"; };
		42BE10E12395870100FD2D21 /* ConfirmViewController.swift */ = {isa = PBXFileReference; lastKnownFileType = sourcecode.swift; path = ConfirmViewController.swift; sourceTree = "<group>"; };
		42BE10E22395870100FD2D21 /* ConfirmInteractor.swift */ = {isa = PBXFileReference; lastKnownFileType = sourcecode.swift; path = ConfirmInteractor.swift; sourceTree = "<group>"; };
		42BE10E32395870100FD2D21 /* ConfirmModel.swift */ = {isa = PBXFileReference; lastKnownFileType = sourcecode.swift; path = ConfirmModel.swift; sourceTree = "<group>"; };
		42BE10E42395870100FD2D21 /* ConfirmViewController.xib */ = {isa = PBXFileReference; lastKnownFileType = file.xib; path = ConfirmViewController.xib; sourceTree = "<group>"; };
		42BE10E52395870100FD2D21 /* ConfirmManager.swift */ = {isa = PBXFileReference; lastKnownFileType = sourcecode.swift; path = ConfirmManager.swift; sourceTree = "<group>"; };
		42BE10EE2395871200FD2D21 /* PhotoConfiguration.swift */ = {isa = PBXFileReference; lastKnownFileType = sourcecode.swift; path = PhotoConfiguration.swift; sourceTree = "<group>"; };
		42BE10EF2395871200FD2D21 /* PhotoPresenter.swift */ = {isa = PBXFileReference; lastKnownFileType = sourcecode.swift; path = PhotoPresenter.swift; sourceTree = "<group>"; };
		42BE10F02395871200FD2D21 /* PhotoRouter.swift */ = {isa = PBXFileReference; lastKnownFileType = sourcecode.swift; path = PhotoRouter.swift; sourceTree = "<group>"; };
		42BE10F12395871200FD2D21 /* PhotoViewController.swift */ = {isa = PBXFileReference; lastKnownFileType = sourcecode.swift; path = PhotoViewController.swift; sourceTree = "<group>"; };
		42BE10F22395871200FD2D21 /* PhotoInteractor.swift */ = {isa = PBXFileReference; lastKnownFileType = sourcecode.swift; path = PhotoInteractor.swift; sourceTree = "<group>"; };
		42BE10F32395871200FD2D21 /* PhotoModel.swift */ = {isa = PBXFileReference; lastKnownFileType = sourcecode.swift; path = PhotoModel.swift; sourceTree = "<group>"; };
		42BE10F42395871200FD2D21 /* PhotoViewController.xib */ = {isa = PBXFileReference; lastKnownFileType = file.xib; path = PhotoViewController.xib; sourceTree = "<group>"; };
		42BE10F52395871200FD2D21 /* PhotoManager.swift */ = {isa = PBXFileReference; lastKnownFileType = sourcecode.swift; path = PhotoManager.swift; sourceTree = "<group>"; };
		42BE10FE2395872800FD2D21 /* DataConfiguration.swift */ = {isa = PBXFileReference; lastKnownFileType = sourcecode.swift; path = DataConfiguration.swift; sourceTree = "<group>"; };
		42BE10FF2395872800FD2D21 /* DataPresenter.swift */ = {isa = PBXFileReference; lastKnownFileType = sourcecode.swift; path = DataPresenter.swift; sourceTree = "<group>"; };
		42BE11002395872800FD2D21 /* DataRouter.swift */ = {isa = PBXFileReference; lastKnownFileType = sourcecode.swift; path = DataRouter.swift; sourceTree = "<group>"; };
		42BE11012395872800FD2D21 /* DataViewController.swift */ = {isa = PBXFileReference; lastKnownFileType = sourcecode.swift; path = DataViewController.swift; sourceTree = "<group>"; };
		42BE11022395872800FD2D21 /* DataInteractor.swift */ = {isa = PBXFileReference; lastKnownFileType = sourcecode.swift; path = DataInteractor.swift; sourceTree = "<group>"; };
		42BE11032395872800FD2D21 /* DataModel.swift */ = {isa = PBXFileReference; lastKnownFileType = sourcecode.swift; path = DataModel.swift; sourceTree = "<group>"; };
		42BE11042395872800FD2D21 /* DataViewController.xib */ = {isa = PBXFileReference; lastKnownFileType = file.xib; path = DataViewController.xib; sourceTree = "<group>"; };
		42BE110E2395873A00FD2D21 /* EmailConfiguration.swift */ = {isa = PBXFileReference; lastKnownFileType = sourcecode.swift; path = EmailConfiguration.swift; sourceTree = "<group>"; };
		42BE110F2395873A00FD2D21 /* EmailPresenter.swift */ = {isa = PBXFileReference; lastKnownFileType = sourcecode.swift; path = EmailPresenter.swift; sourceTree = "<group>"; };
		42BE11102395873A00FD2D21 /* EmailRouter.swift */ = {isa = PBXFileReference; lastKnownFileType = sourcecode.swift; path = EmailRouter.swift; sourceTree = "<group>"; };
		42BE11112395873A00FD2D21 /* EmailViewController.swift */ = {isa = PBXFileReference; lastKnownFileType = sourcecode.swift; path = EmailViewController.swift; sourceTree = "<group>"; };
		42BE11122395873A00FD2D21 /* EmailInteractor.swift */ = {isa = PBXFileReference; lastKnownFileType = sourcecode.swift; path = EmailInteractor.swift; sourceTree = "<group>"; };
		42BE11132395873A00FD2D21 /* EmailModel.swift */ = {isa = PBXFileReference; lastKnownFileType = sourcecode.swift; path = EmailModel.swift; sourceTree = "<group>"; };
		42BE11142395873A00FD2D21 /* EmailViewController.xib */ = {isa = PBXFileReference; lastKnownFileType = file.xib; path = EmailViewController.xib; sourceTree = "<group>"; };
		42BE111E2395875200FD2D21 /* WhoConfiguration.swift */ = {isa = PBXFileReference; lastKnownFileType = sourcecode.swift; path = WhoConfiguration.swift; sourceTree = "<group>"; };
		42BE111F2395875200FD2D21 /* WhoPresenter.swift */ = {isa = PBXFileReference; lastKnownFileType = sourcecode.swift; path = WhoPresenter.swift; sourceTree = "<group>"; };
		42BE11202395875200FD2D21 /* WhoRouter.swift */ = {isa = PBXFileReference; lastKnownFileType = sourcecode.swift; path = WhoRouter.swift; sourceTree = "<group>"; };
		42BE11212395875200FD2D21 /* WhoViewController.swift */ = {isa = PBXFileReference; lastKnownFileType = sourcecode.swift; path = WhoViewController.swift; sourceTree = "<group>"; };
		42BE11222395875200FD2D21 /* WhoInteractor.swift */ = {isa = PBXFileReference; lastKnownFileType = sourcecode.swift; path = WhoInteractor.swift; sourceTree = "<group>"; };
		42BE11232395875200FD2D21 /* WhoModel.swift */ = {isa = PBXFileReference; lastKnownFileType = sourcecode.swift; path = WhoModel.swift; sourceTree = "<group>"; };
		42BE11242395875200FD2D21 /* WhoViewController.xib */ = {isa = PBXFileReference; lastKnownFileType = file.xib; path = WhoViewController.xib; sourceTree = "<group>"; };
		42BE112E2395876000FD2D21 /* ObjectiveConfiguration.swift */ = {isa = PBXFileReference; lastKnownFileType = sourcecode.swift; path = ObjectiveConfiguration.swift; sourceTree = "<group>"; };
		42BE112F2395876000FD2D21 /* ObjectivePresenter.swift */ = {isa = PBXFileReference; lastKnownFileType = sourcecode.swift; path = ObjectivePresenter.swift; sourceTree = "<group>"; };
		42BE11302395876000FD2D21 /* ObjectiveRouter.swift */ = {isa = PBXFileReference; lastKnownFileType = sourcecode.swift; path = ObjectiveRouter.swift; sourceTree = "<group>"; };
		42BE11312395876000FD2D21 /* ObjectiveViewController.swift */ = {isa = PBXFileReference; lastKnownFileType = sourcecode.swift; path = ObjectiveViewController.swift; sourceTree = "<group>"; };
		42BE11322395876000FD2D21 /* ObjectiveInteractor.swift */ = {isa = PBXFileReference; lastKnownFileType = sourcecode.swift; path = ObjectiveInteractor.swift; sourceTree = "<group>"; };
		42BE11332395876000FD2D21 /* ObjectiveModel.swift */ = {isa = PBXFileReference; lastKnownFileType = sourcecode.swift; path = ObjectiveModel.swift; sourceTree = "<group>"; };
		42BE11342395876000FD2D21 /* ObjectiveViewController.xib */ = {isa = PBXFileReference; lastKnownFileType = file.xib; path = ObjectiveViewController.xib; sourceTree = "<group>"; };
		42BE113E2395876F00FD2D21 /* WelcomeConfiguration.swift */ = {isa = PBXFileReference; lastKnownFileType = sourcecode.swift; path = WelcomeConfiguration.swift; sourceTree = "<group>"; };
		42BE113F2395876F00FD2D21 /* WelcomePresenter.swift */ = {isa = PBXFileReference; lastKnownFileType = sourcecode.swift; path = WelcomePresenter.swift; sourceTree = "<group>"; };
		42BE11402395876F00FD2D21 /* WelcomeRouter.swift */ = {isa = PBXFileReference; lastKnownFileType = sourcecode.swift; path = WelcomeRouter.swift; sourceTree = "<group>"; };
		42BE11412395876F00FD2D21 /* WelcomeViewController.swift */ = {isa = PBXFileReference; lastKnownFileType = sourcecode.swift; path = WelcomeViewController.swift; sourceTree = "<group>"; };
		42BE11422395876F00FD2D21 /* WelcomeInteractor.swift */ = {isa = PBXFileReference; lastKnownFileType = sourcecode.swift; path = WelcomeInteractor.swift; sourceTree = "<group>"; };
		42BE11432395876F00FD2D21 /* WelcomeModel.swift */ = {isa = PBXFileReference; lastKnownFileType = sourcecode.swift; path = WelcomeModel.swift; sourceTree = "<group>"; };
		42BE11442395876F00FD2D21 /* WelcomeViewController.xib */ = {isa = PBXFileReference; lastKnownFileType = file.xib; path = WelcomeViewController.xib; sourceTree = "<group>"; };
		42EA171723959D0800547993 /* AppRoute.swift */ = {isa = PBXFileReference; lastKnownFileType = sourcecode.swift; path = AppRoute.swift; sourceTree = "<group>"; };
		42EA171923959DC300547993 /* GeneralRoute.swift */ = {isa = PBXFileReference; lastKnownFileType = sourcecode.swift; path = GeneralRoute.swift; sourceTree = "<group>"; };
		DEE4A7936E3C258576A02C1E /* Pods-AlohaIOS.release.xcconfig */ = {isa = PBXFileReference; includeInIndex = 1; lastKnownFileType = text.xcconfig; name = "Pods-AlohaIOS.release.xcconfig"; path = "Target Support Files/Pods-AlohaIOS/Pods-AlohaIOS.release.xcconfig"; sourceTree = "<group>"; };
		F4B69D8B198CDCA75980FB00 /* Pods_AlohaIOS.framework */ = {isa = PBXFileReference; explicitFileType = wrapper.framework; includeInIndex = 0; path = Pods_AlohaIOS.framework; sourceTree = BUILT_PRODUCTS_DIR; };
/* End PBXFileReference section */

/* Begin PBXFrameworksBuildPhase section */
		425A2F33238862CD009828A4 /* Frameworks */ = {
			isa = PBXFrameworksBuildPhase;
			buildActionMask = 2147483647;
			files = (
				3AF8DB0C62103EA67DD4E8BC /* Pods_AlohaIOS.framework in Frameworks */,
			);
			runOnlyForDeploymentPostprocessing = 0;
		};
/* End PBXFrameworksBuildPhase section */

/* Begin PBXGroup section */
		420722FB23969883008EF340 /* Core */ = {
			isa = PBXGroup;
			children = (
				425A2F39238862CD009828A4 /* AppDelegate.swift */,
				425A2F3B238862CD009828A4 /* SceneDelegate.swift */,
				42B5DBA2239527B600196B89 /* Assets.xcassets */,
				425A2F44238862CF009828A4 /* LaunchScreen.storyboard */,
				42680C1023978E52008D0F7B /* Main.storyboard */,
			);
			path = Core;
			sourceTree = "<group>";
		};
		420722FF2396ACCE008EF340 /* Scene */ = {
			isa = PBXGroup;
			children = (
				423804C223957E5F00F1EEBA /* Confirm */,
				423804C123957E5700F1EEBA /* Photo */,
				423804C023957E4A00F1EEBA /* Data */,
				423804BF23957E4300F1EEBA /* Email */,
				423804BE23957E3A00F1EEBA /* Who */,
				423804BD23957E2C00F1EEBA /* Objective */,
				423804BC23957E1C00F1EEBA /* Welcome */,
			);
			path = Scene;
			sourceTree = "<group>";
		};
		420723002396AD4C008EF340 /* Util */ = {
			isa = PBXGroup;
			children = (
				420723012396AD5E008EF340 /* Ui */,
				420723042396AF92008EF340 /* FormValidation.swift */,
				420723062396B08E008EF340 /* Alert.swift */,
			);
			path = Util;
			sourceTree = "<group>";
		};
		420723012396AD5E008EF340 /* Ui */ = {
			isa = PBXGroup;
			children = (
				42B212F3238C171600BC7000 /* BaseViewController.swift */,
				42B212F5238C1B1100BC7000 /* ButtonClass.swift */,
				42B21308238D430A00BC7000 /* TitleClass.swift */,
				42B21306238C463F00BC7000 /* TextFieldClass.swift */,
			);
			path = Ui;
			sourceTree = "<group>";
		};
		423804BA23957DB700F1EEBA /* Common */ = {
			isa = PBXGroup;
			children = (
				42EA171723959D0800547993 /* AppRoute.swift */,
				42EA171923959DC300547993 /* GeneralRoute.swift */,
			);
			path = Common;
			sourceTree = "<group>";
		};
		423804BC23957E1C00F1EEBA /* Welcome */ = {
			isa = PBXGroup;
			children = (
				42BE113E2395876F00FD2D21 /* WelcomeConfiguration.swift */,
				42BE113F2395876F00FD2D21 /* WelcomePresenter.swift */,
				42BE11402395876F00FD2D21 /* WelcomeRouter.swift */,
				42BE11412395876F00FD2D21 /* WelcomeViewController.swift */,
				42BE11422395876F00FD2D21 /* WelcomeInteractor.swift */,
				42BE11432395876F00FD2D21 /* WelcomeModel.swift */,
				42BE11442395876F00FD2D21 /* WelcomeViewController.xib */,
			);
			path = Welcome;
			sourceTree = "<group>";
		};
		423804BD23957E2C00F1EEBA /* Objective */ = {
			isa = PBXGroup;
			children = (
				42BE112E2395876000FD2D21 /* ObjectiveConfiguration.swift */,
				42BE112F2395876000FD2D21 /* ObjectivePresenter.swift */,
				42BE11302395876000FD2D21 /* ObjectiveRouter.swift */,
				42BE11312395876000FD2D21 /* ObjectiveViewController.swift */,
				42BE11322395876000FD2D21 /* ObjectiveInteractor.swift */,
				42BE11332395876000FD2D21 /* ObjectiveModel.swift */,
				42BE11342395876000FD2D21 /* ObjectiveViewController.xib */,
			);
			path = Objective;
			sourceTree = "<group>";
		};
		423804BE23957E3A00F1EEBA /* Who */ = {
			isa = PBXGroup;
			children = (
				42BE111E2395875200FD2D21 /* WhoConfiguration.swift */,
				42BE111F2395875200FD2D21 /* WhoPresenter.swift */,
				42BE11202395875200FD2D21 /* WhoRouter.swift */,
				42BE11212395875200FD2D21 /* WhoViewController.swift */,
				42BE11222395875200FD2D21 /* WhoInteractor.swift */,
				42BE11232395875200FD2D21 /* WhoModel.swift */,
				42BE11242395875200FD2D21 /* WhoViewController.xib */,
			);
			path = Who;
			sourceTree = "<group>";
		};
		423804BF23957E4300F1EEBA /* Email */ = {
			isa = PBXGroup;
			children = (
				42BE110E2395873A00FD2D21 /* EmailConfiguration.swift */,
				42BE110F2395873A00FD2D21 /* EmailPresenter.swift */,
				42BE11102395873A00FD2D21 /* EmailRouter.swift */,
				42BE11112395873A00FD2D21 /* EmailViewController.swift */,
				42BE11122395873A00FD2D21 /* EmailInteractor.swift */,
				42BE11132395873A00FD2D21 /* EmailModel.swift */,
				42BE11142395873A00FD2D21 /* EmailViewController.xib */,
			);
			path = Email;
			sourceTree = "<group>";
		};
		423804C023957E4A00F1EEBA /* Data */ = {
			isa = PBXGroup;
			children = (
				42BE10FE2395872800FD2D21 /* DataConfiguration.swift */,
				42BE10FF2395872800FD2D21 /* DataPresenter.swift */,
				42BE11002395872800FD2D21 /* DataRouter.swift */,
				42BE11012395872800FD2D21 /* DataViewController.swift */,
				42BE11022395872800FD2D21 /* DataInteractor.swift */,
				42BE11032395872800FD2D21 /* DataModel.swift */,
				42BE11042395872800FD2D21 /* DataViewController.xib */,
			);
			path = Data;
			sourceTree = "<group>";
		};
		423804C123957E5700F1EEBA /* Photo */ = {
			isa = PBXGroup;
			children = (
				42BE10EE2395871200FD2D21 /* PhotoConfiguration.swift */,
				42BE10EF2395871200FD2D21 /* PhotoPresenter.swift */,
				42BE10F02395871200FD2D21 /* PhotoRouter.swift */,
				42BE10F12395871200FD2D21 /* PhotoViewController.swift */,
				42BE10F22395871200FD2D21 /* PhotoInteractor.swift */,
				42BE10F32395871200FD2D21 /* PhotoModel.swift */,
				42BE10F42395871200FD2D21 /* PhotoViewController.xib */,
				42BE10F52395871200FD2D21 /* PhotoManager.swift */,
			);
			path = Photo;
			sourceTree = "<group>";
		};
		423804C223957E5F00F1EEBA /* Confirm */ = {
			isa = PBXGroup;
			children = (
				421EAD172395C7A500E2690E /* ConfirmConfiguration.swift */,
				42BE10DF2395870100FD2D21 /* ConfirmPresenter.swift */,
				42BE10E02395870100FD2D21 /* ConfirmRouter.swift */,
				42BE10E12395870100FD2D21 /* ConfirmViewController.swift */,
				42BE10E22395870100FD2D21 /* ConfirmInteractor.swift */,
				42BE10E32395870100FD2D21 /* ConfirmModel.swift */,
				42BE10E42395870100FD2D21 /* ConfirmViewController.xib */,
				42BE10E52395870100FD2D21 /* ConfirmManager.swift */,
			);
			path = Confirm;
			sourceTree = "<group>";
		};
		425A2F2D238862CD009828A4 = {
			isa = PBXGroup;
			children = (
				425A2F38238862CD009828A4 /* AlohaIOS */,
				425A2F37238862CD009828A4 /* Products */,
				820A270572C9A40824840BD3 /* Pods */,
				7C6078BBC1DD9F652F517C46 /* Frameworks */,
			);
			sourceTree = "<group>";
		};
		425A2F37238862CD009828A4 /* Products */ = {
			isa = PBXGroup;
			children = (
				425A2F36238862CD009828A4 /* AlohaIOS.app */,
			);
			name = Products;
			sourceTree = "<group>";
		};
		425A2F38238862CD009828A4 /* AlohaIOS */ = {
			isa = PBXGroup;
			children = (
				420722FB23969883008EF340 /* Core */,
				42B5DBA4239534BF00196B89 /* Models */,
				42B212F7238C424500BC7000 /* Fonts */,
				420723002396AD4C008EF340 /* Util */,
				420722FF2396ACCE008EF340 /* Scene */,
				423804BA23957DB700F1EEBA /* Common */,
				425A2F47238862CF009828A4 /* Info.plist */,
			);
			path = AlohaIOS;
			sourceTree = "<group>";
		};
		42B212F7238C424500BC7000 /* Fonts */ = {
			isa = PBXGroup;
			children = (
				42B212FA238C428100BC7000 /* Diavlo_BLACK_II.otf */,
				42B212FB238C428100BC7000 /* Diavlo_BOLD_II.otf */,
				42B212FC238C428100BC7000 /* Diavlo_BOOK_II.otf */,
				42B212FD238C428100BC7000 /* Diavlo_LIGHT_II.otf */,
				42B212FE238C428200BC7000 /* Diavlo_MEDIUM_II.otf */,
			);
			path = Fonts;
			sourceTree = "<group>";
		};
		42B5DBA4239534BF00196B89 /* Models */ = {
			isa = PBXGroup;
			children = (
				420723022396AD83008EF340 /* User.swift */,
			);
			path = Models;
			sourceTree = "<group>";
		};
		7C6078BBC1DD9F652F517C46 /* Frameworks */ = {
			isa = PBXGroup;
			children = (
				F4B69D8B198CDCA75980FB00 /* Pods_AlohaIOS.framework */,
			);
			name = Frameworks;
			sourceTree = "<group>";
		};
		820A270572C9A40824840BD3 /* Pods */ = {
			isa = PBXGroup;
			children = (
				29D43CB3464AC6A45D8C1EA4 /* Pods-AlohaIOS.debug.xcconfig */,
				DEE4A7936E3C258576A02C1E /* Pods-AlohaIOS.release.xcconfig */,
			);
			path = Pods;
			sourceTree = "<group>";
		};
/* End PBXGroup section */

/* Begin PBXNativeTarget section */
		425A2F35238862CD009828A4 /* AlohaIOS */ = {
			isa = PBXNativeTarget;
			buildConfigurationList = 425A2F4A238862CF009828A4 /* Build configuration list for PBXNativeTarget "AlohaIOS" */;
			buildPhases = (
				D79595F61DD553DEB8975DBD /* [CP] Check Pods Manifest.lock */,
				425A2F32238862CD009828A4 /* Sources */,
				425A2F33238862CD009828A4 /* Frameworks */,
				425A2F34238862CD009828A4 /* Resources */,
				D9705F71712ECE0FE331B373 /* [CP] Embed Pods Frameworks */,
			);
			buildRules = (
			);
			dependencies = (
			);
			name = AlohaIOS;
			productName = AlohaIOS;
			productReference = 425A2F36238862CD009828A4 /* AlohaIOS.app */;
			productType = "com.apple.product-type.application";
		};
/* End PBXNativeTarget section */

/* Begin PBXProject section */
		425A2F2E238862CD009828A4 /* Project object */ = {
			isa = PBXProject;
			attributes = {
				LastSwiftUpdateCheck = 1120;
				LastUpgradeCheck = 1120;
				ORGANIZATIONNAME = Luizhcarminati;
				TargetAttributes = {
					425A2F35238862CD009828A4 = {
						CreatedOnToolsVersion = 11.2;
					};
				};
			};
			buildConfigurationList = 425A2F31238862CD009828A4 /* Build configuration list for PBXProject "AlohaIOS" */;
			compatibilityVersion = "Xcode 9.3";
			developmentRegion = en;
			hasScannedForEncodings = 0;
			knownRegions = (
				en,
				Base,
			);
			mainGroup = 425A2F2D238862CD009828A4;
			productRefGroup = 425A2F37238862CD009828A4 /* Products */;
			projectDirPath = "";
			projectRoot = "";
			targets = (
				425A2F35238862CD009828A4 /* AlohaIOS */,
			);
		};
/* End PBXProject section */

/* Begin PBXResourcesBuildPhase section */
		425A2F34238862CD009828A4 /* Resources */ = {
			isa = PBXResourcesBuildPhase;
			buildActionMask = 2147483647;
			files = (
				42BE110C2395872800FD2D21 /* DataViewController.xib in Resources */,
				42BE10FC2395871200FD2D21 /* PhotoViewController.xib in Resources */,
				42B21300238C428200BC7000 /* Diavlo_BOLD_II.otf in Resources */,
				42BE10EC2395870100FD2D21 /* ConfirmViewController.xib in Resources */,
				425A2F46238862CF009828A4 /* LaunchScreen.storyboard in Resources */,
				42B21301238C428200BC7000 /* Diavlo_BOOK_II.otf in Resources */,
				42BE114C2395876F00FD2D21 /* WelcomeViewController.xib in Resources */,
				42BE113C2395876000FD2D21 /* ObjectiveViewController.xib in Resources */,
				42B212FF238C428200BC7000 /* Diavlo_BLACK_II.otf in Resources */,
				42B21303238C428200BC7000 /* Diavlo_MEDIUM_II.otf in Resources */,
				42B21302238C428200BC7000 /* Diavlo_LIGHT_II.otf in Resources */,
				42680C1123978E52008D0F7B /* Main.storyboard in Resources */,
				42BE112C2395875200FD2D21 /* WhoViewController.xib in Resources */,
				42BE111C2395873A00FD2D21 /* EmailViewController.xib in Resources */,
				42B5DBA3239527B600196B89 /* Assets.xcassets in Resources */,
			);
			runOnlyForDeploymentPostprocessing = 0;
		};
/* End PBXResourcesBuildPhase section */

/* Begin PBXShellScriptBuildPhase section */
		D79595F61DD553DEB8975DBD /* [CP] Check Pods Manifest.lock */ = {
			isa = PBXShellScriptBuildPhase;
			buildActionMask = 2147483647;
			files = (
			);
			inputFileListPaths = (
			);
			inputPaths = (
				"${PODS_PODFILE_DIR_PATH}/Podfile.lock",
				"${PODS_ROOT}/Manifest.lock",
			);
			name = "[CP] Check Pods Manifest.lock";
			outputFileListPaths = (
			);
			outputPaths = (
				"$(DERIVED_FILE_DIR)/Pods-AlohaIOS-checkManifestLockResult.txt",
			);
			runOnlyForDeploymentPostprocessing = 0;
			shellPath = /bin/sh;
			shellScript = "diff \"${PODS_PODFILE_DIR_PATH}/Podfile.lock\" \"${PODS_ROOT}/Manifest.lock\" > /dev/null\nif [ $? != 0 ] ; then\n    # print error to STDERR\n    echo \"error: The sandbox is not in sync with the Podfile.lock. Run 'pod install' or update your CocoaPods installation.\" >&2\n    exit 1\nfi\n# This output is used by Xcode 'outputs' to avoid re-running this script phase.\necho \"SUCCESS\" > \"${SCRIPT_OUTPUT_FILE_0}\"\n";
			showEnvVarsInLog = 0;
		};
		D9705F71712ECE0FE331B373 /* [CP] Embed Pods Frameworks */ = {
			isa = PBXShellScriptBuildPhase;
			buildActionMask = 2147483647;
			files = (
			);
			inputFileListPaths = (
				"${PODS_ROOT}/Target Support Files/Pods-AlohaIOS/Pods-AlohaIOS-frameworks-${CONFIGURATION}-input-files.xcfilelist",
			);
			name = "[CP] Embed Pods Frameworks";
			outputFileListPaths = (
				"${PODS_ROOT}/Target Support Files/Pods-AlohaIOS/Pods-AlohaIOS-frameworks-${CONFIGURATION}-output-files.xcfilelist",
			);
			runOnlyForDeploymentPostprocessing = 0;
			shellPath = /bin/sh;
			shellScript = "\"${PODS_ROOT}/Target Support Files/Pods-AlohaIOS/Pods-AlohaIOS-frameworks.sh\"\n";
			showEnvVarsInLog = 0;
		};
/* End PBXShellScriptBuildPhase section */

/* Begin PBXSourcesBuildPhase section */
		425A2F32238862CD009828A4 /* Sources */ = {
			isa = PBXSourcesBuildPhase;
			buildActionMask = 2147483647;
			files = (
				42BE11082395872800FD2D21 /* DataRouter.swift in Sources */,
				42BE11272395875200FD2D21 /* WhoPresenter.swift in Sources */,
				42BE10ED2395870100FD2D21 /* ConfirmManager.swift in Sources */,
				42BE110B2395872800FD2D21 /* DataModel.swift in Sources */,
				42BE11362395876000FD2D21 /* ObjectiveConfiguration.swift in Sources */,
				42BE10F82395871200FD2D21 /* PhotoRouter.swift in Sources */,
				42BE11072395872800FD2D21 /* DataPresenter.swift in Sources */,
				420723032396AD83008EF340 /* User.swift in Sources */,
				42BE114A2395876F00FD2D21 /* WelcomeInteractor.swift in Sources */,
				42BE11162395873A00FD2D21 /* EmailConfiguration.swift in Sources */,
				42BE110A2395872800FD2D21 /* DataInteractor.swift in Sources */,
				42BE11492395876F00FD2D21 /* WelcomeViewController.swift in Sources */,
				42BE112A2395875200FD2D21 /* WhoInteractor.swift in Sources */,
				42BE10EA2395870100FD2D21 /* ConfirmInteractor.swift in Sources */,
				42BE11062395872800FD2D21 /* DataConfiguration.swift in Sources */,
				420723072396B08E008EF340 /* Alert.swift in Sources */,
				42BE10F72395871200FD2D21 /* PhotoPresenter.swift in Sources */,
				42BE113B2395876000FD2D21 /* ObjectiveModel.swift in Sources */,
				42BE111B2395873A00FD2D21 /* EmailModel.swift in Sources */,
				42BE11392395876000FD2D21 /* ObjectiveViewController.swift in Sources */,
				42BE10F92395871200FD2D21 /* PhotoViewController.swift in Sources */,
				42BE11192395873A00FD2D21 /* EmailViewController.swift in Sources */,
				42B212F6238C1B1100BC7000 /* ButtonClass.swift in Sources */,
				42BE11482395876F00FD2D21 /* WelcomeRouter.swift in Sources */,
				42BE113A2395876000FD2D21 /* ObjectiveInteractor.swift in Sources */,
				42BE11472395876F00FD2D21 /* WelcomePresenter.swift in Sources */,
				42BE11182395873A00FD2D21 /* EmailRouter.swift in Sources */,
				42BE10E92395870100FD2D21 /* ConfirmViewController.swift in Sources */,
				42BE11092395872800FD2D21 /* DataViewController.swift in Sources */,
				42BE10E72395870100FD2D21 /* ConfirmPresenter.swift in Sources */,
				42B21309238D430A00BC7000 /* TitleClass.swift in Sources */,
				42B212F4238C171600BC7000 /* BaseViewController.swift in Sources */,
				42BE11292395875200FD2D21 /* WhoViewController.swift in Sources */,
				42BE112B2395875200FD2D21 /* WhoModel.swift in Sources */,
				42BE10FA2395871200FD2D21 /* PhotoInteractor.swift in Sources */,
				42BE10EB2395870100FD2D21 /* ConfirmModel.swift in Sources */,
				425A2F3A238862CD009828A4 /* AppDelegate.swift in Sources */,
				42BE11262395875200FD2D21 /* WhoConfiguration.swift in Sources */,
				42BE114B2395876F00FD2D21 /* WelcomeModel.swift in Sources */,
				42EA171823959D0800547993 /* AppRoute.swift in Sources */,
				42BE11462395876F00FD2D21 /* WelcomeConfiguration.swift in Sources */,
				42B21307238C463F00BC7000 /* TextFieldClass.swift in Sources */,
				42BE10F62395871200FD2D21 /* PhotoConfiguration.swift in Sources */,
				42BE11382395876000FD2D21 /* ObjectiveRouter.swift in Sources */,
				42BE11372395876000FD2D21 /* ObjectivePresenter.swift in Sources */,
				42BE10FD2395871200FD2D21 /* PhotoManager.swift in Sources */,
				421EAD182395C7A500E2690E /* ConfirmConfiguration.swift in Sources */,
				420723052396AF92008EF340 /* FormValidation.swift in Sources */,
				42BE11282395875200FD2D21 /* WhoRouter.swift in Sources */,
				42BE10E82395870100FD2D21 /* ConfirmRouter.swift in Sources */,
				42EA171A23959DC300547993 /* GeneralRoute.swift in Sources */,
				425A2F3C238862CD009828A4 /* SceneDelegate.swift in Sources */,
				42BE10FB2395871200FD2D21 /* PhotoModel.swift in Sources */,
				42BE111A2395873A00FD2D21 /* EmailInteractor.swift in Sources */,
				42BE11172395873A00FD2D21 /* EmailPresenter.swift in Sources */,
			);
			runOnlyForDeploymentPostprocessing = 0;
		};
/* End PBXSourcesBuildPhase section */

/* Begin PBXVariantGroup section */
		425A2F44238862CF009828A4 /* LaunchScreen.storyboard */ = {
			isa = PBXVariantGroup;
			children = (
				425A2F45238862CF009828A4 /* Base */,
			);
			name = LaunchScreen.storyboard;
			sourceTree = "<group>";
		};
/* End PBXVariantGroup section */

/* Begin XCBuildConfiguration section */
		425A2F48238862CF009828A4 /* Debug */ = {
			isa = XCBuildConfiguration;
			buildSettings = {
				ALWAYS_SEARCH_USER_PATHS = NO;
				CLANG_ANALYZER_NONNULL = YES;
				CLANG_ANALYZER_NUMBER_OBJECT_CONVERSION = YES_AGGRESSIVE;
				CLANG_CXX_LANGUAGE_STANDARD = "gnu++14";
				CLANG_CXX_LIBRARY = "libc++";
				CLANG_ENABLE_MODULES = YES;
				CLANG_ENABLE_OBJC_ARC = YES;
				CLANG_ENABLE_OBJC_WEAK = YES;
				CLANG_WARN_BLOCK_CAPTURE_AUTORELEASING = YES;
				CLANG_WARN_BOOL_CONVERSION = YES;
				CLANG_WARN_COMMA = YES;
				CLANG_WARN_CONSTANT_CONVERSION = YES;
				CLANG_WARN_DEPRECATED_OBJC_IMPLEMENTATIONS = YES;
				CLANG_WARN_DIRECT_OBJC_ISA_USAGE = YES_ERROR;
				CLANG_WARN_DOCUMENTATION_COMMENTS = YES;
				CLANG_WARN_EMPTY_BODY = YES;
				CLANG_WARN_ENUM_CONVERSION = YES;
				CLANG_WARN_INFINITE_RECURSION = YES;
				CLANG_WARN_INT_CONVERSION = YES;
				CLANG_WARN_NON_LITERAL_NULL_CONVERSION = YES;
				CLANG_WARN_OBJC_IMPLICIT_RETAIN_SELF = YES;
				CLANG_WARN_OBJC_LITERAL_CONVERSION = YES;
				CLANG_WARN_OBJC_ROOT_CLASS = YES_ERROR;
				CLANG_WARN_RANGE_LOOP_ANALYSIS = YES;
				CLANG_WARN_STRICT_PROTOTYPES = YES;
				CLANG_WARN_SUSPICIOUS_MOVE = YES;
				CLANG_WARN_UNGUARDED_AVAILABILITY = YES_AGGRESSIVE;
				CLANG_WARN_UNREACHABLE_CODE = YES;
				CLANG_WARN__DUPLICATE_METHOD_MATCH = YES;
				COPY_PHASE_STRIP = NO;
				DEBUG_INFORMATION_FORMAT = dwarf;
				ENABLE_STRICT_OBJC_MSGSEND = YES;
				ENABLE_TESTABILITY = YES;
				GCC_C_LANGUAGE_STANDARD = gnu11;
				GCC_DYNAMIC_NO_PIC = NO;
				GCC_NO_COMMON_BLOCKS = YES;
				GCC_OPTIMIZATION_LEVEL = 0;
				GCC_PREPROCESSOR_DEFINITIONS = (
					"DEBUG=1",
					"$(inherited)",
				);
				GCC_WARN_64_TO_32_BIT_CONVERSION = YES;
				GCC_WARN_ABOUT_RETURN_TYPE = YES_ERROR;
				GCC_WARN_UNDECLARED_SELECTOR = YES;
				GCC_WARN_UNINITIALIZED_AUTOS = YES_AGGRESSIVE;
				GCC_WARN_UNUSED_FUNCTION = YES;
				GCC_WARN_UNUSED_VARIABLE = YES;
				IPHONEOS_DEPLOYMENT_TARGET = 13.2;
				MTL_ENABLE_DEBUG_INFO = INCLUDE_SOURCE;
				MTL_FAST_MATH = YES;
				ONLY_ACTIVE_ARCH = YES;
				SDKROOT = iphoneos;
				SWIFT_ACTIVE_COMPILATION_CONDITIONS = DEBUG;
				SWIFT_OPTIMIZATION_LEVEL = "-Onone";
			};
			name = Debug;
		};
		425A2F49238862CF009828A4 /* Release */ = {
			isa = XCBuildConfiguration;
			buildSettings = {
				ALWAYS_SEARCH_USER_PATHS = NO;
				CLANG_ANALYZER_NONNULL = YES;
				CLANG_ANALYZER_NUMBER_OBJECT_CONVERSION = YES_AGGRESSIVE;
				CLANG_CXX_LANGUAGE_STANDARD = "gnu++14";
				CLANG_CXX_LIBRARY = "libc++";
				CLANG_ENABLE_MODULES = YES;
				CLANG_ENABLE_OBJC_ARC = YES;
				CLANG_ENABLE_OBJC_WEAK = YES;
				CLANG_WARN_BLOCK_CAPTURE_AUTORELEASING = YES;
				CLANG_WARN_BOOL_CONVERSION = YES;
				CLANG_WARN_COMMA = YES;
				CLANG_WARN_CONSTANT_CONVERSION = YES;
				CLANG_WARN_DEPRECATED_OBJC_IMPLEMENTATIONS = YES;
				CLANG_WARN_DIRECT_OBJC_ISA_USAGE = YES_ERROR;
				CLANG_WARN_DOCUMENTATION_COMMENTS = YES;
				CLANG_WARN_EMPTY_BODY = YES;
				CLANG_WARN_ENUM_CONVERSION = YES;
				CLANG_WARN_INFINITE_RECURSION = YES;
				CLANG_WARN_INT_CONVERSION = YES;
				CLANG_WARN_NON_LITERAL_NULL_CONVERSION = YES;
				CLANG_WARN_OBJC_IMPLICIT_RETAIN_SELF = YES;
				CLANG_WARN_OBJC_LITERAL_CONVERSION = YES;
				CLANG_WARN_OBJC_ROOT_CLASS = YES_ERROR;
				CLANG_WARN_RANGE_LOOP_ANALYSIS = YES;
				CLANG_WARN_STRICT_PROTOTYPES = YES;
				CLANG_WARN_SUSPICIOUS_MOVE = YES;
				CLANG_WARN_UNGUARDED_AVAILABILITY = YES_AGGRESSIVE;
				CLANG_WARN_UNREACHABLE_CODE = YES;
				CLANG_WARN__DUPLICATE_METHOD_MATCH = YES;
				COPY_PHASE_STRIP = NO;
				DEBUG_INFORMATION_FORMAT = "dwarf-with-dsym";
				ENABLE_NS_ASSERTIONS = NO;
				ENABLE_STRICT_OBJC_MSGSEND = YES;
				GCC_C_LANGUAGE_STANDARD = gnu11;
				GCC_NO_COMMON_BLOCKS = YES;
				GCC_WARN_64_TO_32_BIT_CONVERSION = YES;
				GCC_WARN_ABOUT_RETURN_TYPE = YES_ERROR;
				GCC_WARN_UNDECLARED_SELECTOR = YES;
				GCC_WARN_UNINITIALIZED_AUTOS = YES_AGGRESSIVE;
				GCC_WARN_UNUSED_FUNCTION = YES;
				GCC_WARN_UNUSED_VARIABLE = YES;
				IPHONEOS_DEPLOYMENT_TARGET = 13.2;
				MTL_ENABLE_DEBUG_INFO = NO;
				MTL_FAST_MATH = YES;
				SDKROOT = iphoneos;
				SWIFT_COMPILATION_MODE = wholemodule;
				SWIFT_OPTIMIZATION_LEVEL = "-O";
				VALIDATE_PRODUCT = YES;
			};
			name = Release;
		};
		425A2F4B238862CF009828A4 /* Debug */ = {
			isa = XCBuildConfiguration;
			baseConfigurationReference = 29D43CB3464AC6A45D8C1EA4 /* Pods-AlohaIOS.debug.xcconfig */;
			buildSettings = {
				ASSETCATALOG_COMPILER_APPICON_NAME = AppIcon;
				CODE_SIGN_IDENTITY = "Apple Development";
				CODE_SIGN_STYLE = Automatic;
				DEVELOPMENT_TEAM = VKMWQN46TC;
				INFOPLIST_FILE = AlohaIOS/Info.plist;
				IPHONEOS_DEPLOYMENT_TARGET = 13.2;
				LD_RUNPATH_SEARCH_PATHS = (
					"$(inherited)",
					"@executable_path/Frameworks",
				);
				PRODUCT_BUNDLE_IDENTIFIER = br.com.zup.aloha;
				PRODUCT_NAME = "$(TARGET_NAME)";
				PROVISIONING_PROFILE_SPECIFIER = "";
				SWIFT_VERSION = 5.0;
				TARGETED_DEVICE_FAMILY = 2;
			};
			name = Debug;
		};
		425A2F4C238862CF009828A4 /* Release */ = {
			isa = XCBuildConfiguration;
			baseConfigurationReference = DEE4A7936E3C258576A02C1E /* Pods-AlohaIOS.release.xcconfig */;
			buildSettings = {
				ASSETCATALOG_COMPILER_APPICON_NAME = AppIcon;
				CODE_SIGN_IDENTITY = "Apple Development";
				CODE_SIGN_STYLE = Automatic;
				DEVELOPMENT_TEAM = VKMWQN46TC;
				INFOPLIST_FILE = AlohaIOS/Info.plist;
				IPHONEOS_DEPLOYMENT_TARGET = 13.2;
				LD_RUNPATH_SEARCH_PATHS = (
					"$(inherited)",
					"@executable_path/Frameworks",
				);
				PRODUCT_BUNDLE_IDENTIFIER = br.com.zup.aloha;
				PRODUCT_NAME = "$(TARGET_NAME)";
				PROVISIONING_PROFILE_SPECIFIER = "";
				SWIFT_VERSION = 5.0;
				TARGETED_DEVICE_FAMILY = 2;
			};
			name = Release;
		};
/* End XCBuildConfiguration section */

/* Begin XCConfigurationList section */
		425A2F31238862CD009828A4 /* Build configuration list for PBXProject "AlohaIOS" */ = {
			isa = XCConfigurationList;
			buildConfigurations = (
				425A2F48238862CF009828A4 /* Debug */,
				425A2F49238862CF009828A4 /* Release */,
			);
			defaultConfigurationIsVisible = 0;
			defaultConfigurationName = Release;
		};
		425A2F4A238862CF009828A4 /* Build configuration list for PBXNativeTarget "AlohaIOS" */ = {
			isa = XCConfigurationList;
			buildConfigurations = (
				425A2F4B238862CF009828A4 /* Debug */,
				425A2F4C238862CF009828A4 /* Release */,
			);
			defaultConfigurationIsVisible = 0;
			defaultConfigurationName = Release;
		};
/* End XCConfigurationList section */
	};
	rootObject = 425A2F2E238862CD009828A4 /* Project object */;
}
